{
  "name": "fall-detection",
  "version": "1.0.0",
  "lockfileVersion": 3,
  "requires": true,
  "packages": {
    "": {
      "name": "fall-detection",
      "version": "1.0.0",
      "license": "ISC",
      "dependencies": {
        "@zeppos/zml": "0.0.27"
      },
      "devDependencies": {
        "@zeppos/device-types": "^3.0.0"
      }
    },
    "node_modules/@zeppos/device-types": {
      "version": "3.0.1",
      "resolved": "https://registry.npmjs.org/@zeppos/device-types/-/device-types-3.0.1.tgz",
      "integrity": "sha512-7rUsKLFiTdwIU3NarEKbEoQjr2X1kE6/8ra+mM3+zXDnwhELPowwC4Sl5UGS71PjTa9Rb+s4WygOHkjeEmJcoA==",
      "dev": true,
      "license": "ISC"
    },
    "node_modules/@zeppos/zml": {
      "version": "0.0.27",
      "resolved": "https://registry.npmjs.org/@zeppos/zml/-/zml-0.0.27.tgz",
      "integrity": "sha512-3lcSjLY5s+Q0vp+WUBSwIxb7bt5L6+UQ7aROT80mMV0NJmXYiR4KUvpdnXkqZFE+rMCAqer2X/InuqML1vUEpA==",
      "license": "Apache-2.0"
    }
  }
}
